
Microsoft Visual Studio Solution File, Format Version 12.00
# Visual Studio Version 17
VisualStudioVersion = 17.8.34316.72
MinimumVisualStudioVersion = 10.0.40219.1
Project("{9A19103F-16F7-4668-BE54-9A1E7A4F7556}") = "Prakt13", "Prakt13\Prakt13.csproj", "{D5042117-0A6A-4549-B046-83E8264BF29F}"
EndProject
Project("{9A19103F-16F7-4668-BE54-9A1E7A4F7556}") = "LibMas", "LibMas\LibMas.csproj", "{534B6CCA-CCA2-4A76-ACE7-0CE69C54B6B2}"
EndProject
Project("{FAE04EC0-301F-11D3-BF4B-00C04F79EFBC}") = "Lib_4", "Lib_4\Lib_4.csproj", "{5BCE1C4C-2872-4A18-AAB2-4F856AC38D99}"
EndProject
Global
	GlobalSection(SolutionConfigurationPlatforms) = preSolution
		Debug|Any CPU = Debug|Any CPU
		Release|Any CPU = Release|Any CPU
	EndGlobalSection
	GlobalSection(ProjectConfigurationPlatforms) = postSolution
		{D5042117-0A6A-4549-B046-83E8264BF29F}.Debug|Any CPU.ActiveCfg = Debug|Any CPU
		{D5042117-0A6A-4549-B046-83E8264BF29F}.Debug|Any CPU.Build.0 = Debug|Any CPU
		{D5042117-0A6A-4549-B046-83E8264BF29F}.Release|Any CPU.ActiveCfg = Release|Any CPU
		{D5042117-0A6A-4549-B046-83E8264BF29F}.Release|Any CPU.Build.0 = Release|Any CPU
		{534B6CCA-CCA2-4A76-ACE7-0CE69C54B6B2}.Debug|Any CPU.ActiveCfg = Debug|Any CPU
		{534B6CCA-CCA2-4A76-ACE7-0CE69C54B6B2}.Debug|Any CPU.Build.0 = Debug|Any CPU
		{534B6CCA-CCA2-4A76-ACE7-0CE69C54B6B2}.Release|Any CPU.ActiveCfg = Release|Any CPU
		{534B6CCA-CCA2-4A76-ACE7-0CE69C54B6B2}.Release|Any CPU.Build.0 = Release|Any CPU
		{5BCE1C4C-2872-4A18-AAB2-4F856AC38D99}.Debug|Any CPU.ActiveCfg = Debug|Any CPU
		{5BCE1C4C-2872-4A18-AAB2-4F856AC38D99}.Debug|Any CPU.Build.0 = Debug|Any CPU
		{5BCE1C4C-2872-4A18-AAB2-4F856AC38D99}.Release|Any CPU.ActiveCfg = Release|Any CPU
		{5BCE1C4C-2872-4A18-AAB2-4F856AC38D99}.Release|Any CPU.Build.0 = Release|Any CPU
	EndGlobalSection
	GlobalSection(SolutionProperties) = preSolution
		HideSolutionNode = FALSE
	EndGlobalSection
	GlobalSection(ExtensibilityGlobals) = postSolution
		SolutionGuid = {70CBAB05-0774-43DC-960F-755A540CC649}
	EndGlobalSection
EndGlobal
